
Microsoft Visual Studio Solution File, Format Version 12.00
# Visual Studio Version 17
VisualStudioVersion = 17.3.32929.385
MinimumVisualStudioVersion = 10.0.40219.1
Project("{FAE04EC0-301F-11D3-BF4B-00C04F79EFBC}") = "Bubbles23", "Bubbles\Bubbles23.csproj", "{243ABB0B-DD55-4E6E-8F67-ED9ACEB51A0E}"
EndProject
Global
	GlobalSection(SolutionConfigurationPlatforms) = preSolution
		Debug|Any CPU = Debug|Any CPU
		Release|Any CPU = Release|Any CPU
	EndGlobalSection
	GlobalSection(ProjectConfigurationPlatforms) = postSolution
		{243ABB0B-DD55-4E6E-8F67-ED9ACEB51A0E}.Debug|Any CPU.ActiveCfg = Debug|Any CPU
		{243ABB0B-DD55-4E6E-8F67-ED9ACEB51A0E}.Debug|Any CPU.Build.0 = Debug|Any CPU
		{243ABB0B-DD55-4E6E-8F67-ED9ACEB51A0E}.Release|Any CPU.ActiveCfg = Release|Any CPU
		{243ABB0B-DD55-4E6E-8F67-ED9ACEB51A0E}.Release|Any CPU.Build.0 = Release|Any CPU
	EndGlobalSection
	GlobalSection(SolutionProperties) = preSolution
		HideSolutionNode = FALSE
	EndGlobalSection
	GlobalSection(ExtensibilityGlobals) = postSolution
		SolutionGuid = {5CF73717-2A4D-49F5-B0E9-5DA80F445399}
	EndGlobalSection
EndGlobal
